Microsoft Visual Studio Solution File, Format Version 12.00
# Visual Studio 15
VisualStudioVersion = 15.0.28307.168
MinimumVisualStudioVersion = 10.0.40219.1
Project("{9A19103F-16F7-4668-BE54-9A1E7A4F7556}") = "Calculator", "Calculator.csproj", "{94612E03-4A33-4276-BA17-4C326D6B60B3}"
EndProject
Project("{FAE04EC0-301F-11D3-BF4B-00C04F79EFBC}") = "XUnitTestProject1", "..\XUnitTestProject1\XUnitTestProject1.csproj", "{57DE7346-BB09-4BB1-8AD0-5542314E0295}"
EndProject
Global
	GlobalSection(SolutionConfigurationPlatforms) = preSolution
		Debug|Any CPU = Debug|Any CPU
		Release|Any CPU = Release|Any CPU
	EndGlobalSection
	GlobalSection(ProjectConfigurationPlatforms) = postSolution
		{94612E03-4A33-4276-BA17-4C326D6B60B3}.Debug|Any CPU.ActiveCfg = Debug|Any CPU
		{94612E03-4A33-4276-BA17-4C326D6B60B3}.Debug|Any CPU.Build.0 = Debug|Any CPU
		{94612E03-4A33-4276-BA17-4C326D6B60B3}.Release|Any CPU.ActiveCfg = Release|Any CPU
		{94612E03-4A33-4276-BA17-4C326D6B60B3}.Release|Any CPU.Build.0 = Release|Any CPU
		{57DE7346-BB09-4BB1-8AD0-5542314E0295}.Debug|Any CPU.ActiveCfg = Debug|Any CPU
		{57DE7346-BB09-4BB1-8AD0-5542314E0295}.Debug|Any CPU.Build.0 = Debug|Any CPU
		{57DE7346-BB09-4BB1-8AD0-5542314E0295}.Release|Any CPU.ActiveCfg = Release|Any CPU
		{57DE7346-BB09-4BB1-8AD0-5542314E0295}.Release|Any CPU.Build.0 = Release|Any CPU
	EndGlobalSection
	GlobalSection(SolutionProperties) = preSolution
		HideSolutionNode = FALSE
	EndGlobalSection
	GlobalSection(ExtensibilityGlobals) = postSolution
		SolutionGuid = {1BBDEA18-471B-4FDC-BD78-1E2AB07F6D57}
	EndGlobalSection
EndGlobal
